
Microsoft Visual Studio Solution File, Format Version 12.00
# Visual Studio 15
VisualStudioVersion = 15.0.26228.4
MinimumVisualStudioVersion = 10.0.40219.1
Project("{9A19103F-16F7-4668-BE54-9A1E7A4F7556}") = "src", "src\src.csproj", "{EF7528DF-D685-411F-BBBF-E92AC641EBD0}"
EndProject
Project("{9A19103F-16F7-4668-BE54-9A1E7A4F7556}") = "test", "test\test.csproj", "{D6662500-8A8D-48A1-963C-B19E23A2956A}"
EndProject
Global
	GlobalSection(SolutionConfigurationPlatforms) = preSolution
		Debug|Any CPU = Debug|Any CPU
		Release|Any CPU = Release|Any CPU
	EndGlobalSection
	GlobalSection(ProjectConfigurationPlatforms) = postSolution
		{EF7528DF-D685-411F-BBBF-E92AC641EBD0}.Debug|Any CPU.ActiveCfg = Debug|Any CPU
		{EF7528DF-D685-411F-BBBF-E92AC641EBD0}.Debug|Any CPU.Build.0 = Debug|Any CPU
		{EF7528DF-D685-411F-BBBF-E92AC641EBD0}.Release|Any CPU.ActiveCfg = Release|Any CPU
		{EF7528DF-D685-411F-BBBF-E92AC641EBD0}.Release|Any CPU.Build.0 = Release|Any CPU
		{D6662500-8A8D-48A1-963C-B19E23A2956A}.Debug|Any CPU.ActiveCfg = Debug|Any CPU
		{D6662500-8A8D-48A1-963C-B19E23A2956A}.Debug|Any CPU.Build.0 = Debug|Any CPU
		{D6662500-8A8D-48A1-963C-B19E23A2956A}.Release|Any CPU.ActiveCfg = Release|Any CPU
		{D6662500-8A8D-48A1-963C-B19E23A2956A}.Release|Any CPU.Build.0 = Release|Any CPU
	EndGlobalSection
	GlobalSection(SolutionProperties) = preSolution
		HideSolutionNode = FALSE
	EndGlobalSection
EndGlobal
